PODS:
  - AFNetworking (3.2.1):
    - AFNetworking/NSURLSession (= 3.2.1)
    - AFNetworking/Reachability (= 3.2.1)
    - AFNetworking/Security (= 3.2.1)
    - AFNetworking/Serialization (= 3.2.1)
    - AFNetworking/UIKit (= 3.2.1)
  - AFNetworking/NSURLSession (3.2.1):
    - AFNetworking/Reachability
    - AFNetworking/Security
    - AFNetworking/Serialization
  - AFNetworking/Reachability (3.2.1)
  - AFNetworking/Security (3.2.1)
  - AFNetworking/Serialization (3.2.1)
  - AFNetworking/UIKit (3.2.1):
    - AFNetworking/NSURLSession
  - Mantle (2.1.0):
    - Mantle/extobjc (= 2.1.0)
  - Mantle/extobjc (2.1.0)
  - Masonry (1.1.0)
  - MBProgressHUD (1.1.0)
  - MJRefresh (3.1.15.7)
  - SDWebImage (4.4.2):
    - SDWebImage/Core (= 4.4.2)
  - SDWebImage/Core (4.4.2)
  - YunBaseApp (0.0.44):
    - AFNetworking
    - Mantle
    - Masonry
    - MBProgressHUD
    - YunKits
  - YunKits (0.0.50):
    - AFNetworking
    - Masonry
    - SDWebImage

DEPENDENCIES:
  - MJRefresh
  - YunBaseApp

SPEC REPOS:
  https://github.com/cocoapods/specs.git:
    - AFNetworking
    - Mantle
    - Masonry
    - MBProgressHUD
    - MJRefresh
    - SDWebImage
    - YunBaseApp
    - YunKits

SPEC CHECKSUMS:
  AFNetworking: b6f891fdfaed196b46c7a83cf209e09697b94057
  Mantle: 2fa750afa478cd625a94230fbf1c13462f29395b
  Masonry: 678fab65091a9290e40e2832a55e7ab731aad201
  MBProgressHUD: e7baa36a220447d8aeb12769bf0585582f3866d9
  MJRefresh: 697f8ec75ebdbe9207767bb682cf0f51b0d8a41f
  SDWebImage: 624d6e296c69b244bcede364c72ae0430ac14681
  YunBaseApp: e496a16ec0d0fdd293e3a49cdc0068b557c91886
  YunKits: 38b650bef9c78ecb320312b3639a7d0b1a716719

PODFILE CHECKSUM: e6bce4272f1720729316e4596a4372d7772727a4

COCOAPODS: 1.6.0.beta.2
